
Microsoft Visual Studio Solution File, Format Version 12.00
# Visual Studio Version 16
VisualStudioVersion = 16.0.31624.102
MinimumVisualStudioVersion = 10.0.40219.1
Project("{FAE04EC0-301F-11D3-BF4B-00C04F79EFBC}") = "DataCrud", "DataCrud\DataCrud.csproj", "{9AD9AF78-02CA-4AB3-B0FE-65E980535ECF}"
EndProject
Global
	GlobalSection(SolutionConfigurationPlatforms) = preSolution
		Debug|Any CPU = Debug|Any CPU
		Release|Any CPU = Release|Any CPU
	EndGlobalSection
	GlobalSection(ProjectConfigurationPlatforms) = postSolution
		{9AD9AF78-02CA-4AB3-B0FE-65E980535ECF}.Debug|Any CPU.ActiveCfg = Debug|Any CPU
		{9AD9AF78-02CA-4AB3-B0FE-65E980535ECF}.Debug|Any CPU.Build.0 = Debug|Any CPU
		{9AD9AF78-02CA-4AB3-B0FE-65E980535ECF}.Release|Any CPU.ActiveCfg = Release|Any CPU
		{9AD9AF78-02CA-4AB3-B0FE-65E980535ECF}.Release|Any CPU.Build.0 = Release|Any CPU
	EndGlobalSection
	GlobalSection(SolutionProperties) = preSolution
		HideSolutionNode = FALSE
	EndGlobalSection
	GlobalSection(ExtensibilityGlobals) = postSolution
		SolutionGuid = {66132213-9F8D-42A2-8DC0-33EA5CEB7AFD}
	EndGlobalSection
EndGlobal
